[[package]]
category = "main"
description = "Python command-line parsing library"
name = "argparse"
optional = false
python-versions = "*"
version = "1.4.0"

[[package]]
category = "main"
description = "Simple construction, analysis and modification of binary data."
name = "bitstring"
optional = false
python-versions = "*"
version = "3.1.6"

[[package]]
category = "main"
description = "Lightweight, extensible schema and data validation tool for Python dictionaries."
name = "cerberus"
optional = false
python-versions = "*"
version = "1.1"

[[package]]
category = "main"
description = "Cog: A content generator for executing Python snippets in source files."
name = "cogapp"
optional = false
python-versions = ">=2.7, !=3.0.*, !=3.1.*, !=3.2.*, !=3.3.*, !=3.4.*, <4"
version = "3.0.0"

[[package]]
category = "main"
description = "Code coverage measurement for Python"
name = "coverage"
optional = false
python-versions = ">=2.7, !=3.0.*, !=3.1.*, !=3.2.*, !=3.3.*, !=3.4.*, <4"
version = "5.0.2"

[package.extras]
toml = ["toml"]

[[package]]
category = "main"
description = "Python 3.4 Enum backported to 3.3, 3.2, 3.1, 2.7, 2.6, 2.5, and 2.4"
name = "enum34"
optional = false
python-versions = "*"
version = "1.1.6"

[[package]]
category = "main"
description = "Python library for serializing any arbitrary object graph into JSON"
name = "jsonpickle"
optional = false
python-versions = "*"
version = "1.2"

[[package]]
category = "main"
description = "Backports of the linecache module"
name = "linecache2"
optional = false
python-versions = "*"
version = "1.0.0"

[[package]]
category = "main"
description = "MQTT version 3.1.1 client class"
name = "paho-mqtt"
optional = false
python-versions = "*"
version = "1.5.0"

[package.extras]
proxy = ["pysocks"]

[[package]]
category = "main"
description = "Python CRC Calculations Modules"
name = "pycrc"
optional = false
python-versions = "*"
version = "1.21"

[[package]]
category = "main"
description = "Python Serial Port Extension"
name = "pyserial"
optional = false
python-versions = "*"
version = "3.4"

[[package]]
category = "main"
description = "Python 2 and 3 compatibility utilities"
name = "six"
optional = false
python-versions = ">=2.6, !=3.0.*, !=3.1.*"
version = "1.13.0"

[[package]]
category = "main"
description = "Backports of the traceback module"
name = "traceback2"
optional = false
python-versions = "*"
version = "1.4.0"

[package.dependencies]
linecache2 = "*"

[[package]]
category = "main"
description = "The new features in unittest backported to Python 2.4+."
name = "unittest2"
optional = false
python-versions = "*"
version = "1.1.0"

[package.dependencies]
argparse = "*"
six = ">=1.4"
traceback2 = "*"

[metadata]
content-hash = "2ad49adabd4496b07ee70556d93ff2194a2bf01e1228cf30136d6eff9cbc6fb8"
python-versions = "^2.7"

[metadata.files]
argparse = [
    {file = "argparse-1.4.0-py2.py3-none-any.whl", hash = "sha256:c31647edb69fd3d465a847ea3157d37bed1f95f19760b11a47aa91c04b666314"},
    {file = "argparse-1.4.0.tar.gz", hash = "sha256:62b089a55be1d8949cd2bc7e0df0bddb9e028faefc8c32038cc84862aefdd6e4"},
]
bitstring = [
    {file = "bitstring-3.1.6-py2-none-any.whl", hash = "sha256:e392819965e7e0246e3cf6a51d5a54e731890ae03ebbfa3cd0e4f74909072096"},
    {file = "bitstring-3.1.6-py3-none-any.whl", hash = "sha256:7b60b0c300d0d3d0a24ec84abfda4b0eaed3dc56dc90f6cbfe497166c9ad8443"},
    {file = "bitstring-3.1.6.tar.gz", hash = "sha256:c97a8e2a136e99b523b27da420736ae5cb68f83519d633794a6a11192f69f8bf"},
]
cerberus = [
    {file = "Cerberus-1.1.tar.gz", hash = "sha256:a5b39090fde3ec3294c9d7030b8eda935b42222160a66a922e0c8aea34cabfdf"},
]
cogapp = [
    {file = "cogapp-3.0.0-py2.py3-none-any.whl", hash = "sha256:61e9a66bbf1e6755df47330a441479c5be363bab30ca58c5598d9b641cdc9115"},
    {file = "cogapp-3.0.0.tar.gz", hash = "sha256:5e5da2bcfc4e4750c66cecb80ea4eaed1ef4fddd3787c989d4f5bfffb1152d6a"},
]
coverage = [
    {file = "coverage-5.0.2-cp27-cp27m-macosx_10_12_x86_64.whl", hash = "sha256:511ec0c00840e12fb4e852e4db58fa6a01ca4da72f36a9766fae344c3d502033"},
    {file = "coverage-5.0.2-cp27-cp27m-macosx_10_13_intel.whl", hash = "sha256:d22b4297e7e4225ccf01f1aa55e7a96412ea0796b532dd614c3fcbafa341128e"},
    {file = "coverage-5.0.2-cp27-cp27m-manylinux1_i686.whl", hash = "sha256:593853aa1ac6dcc6405324d877544c596c9d948ef20d2e9512a0f5d2d3202356"},
    {file = "coverage-5.0.2-cp27-cp27m-manylinux1_x86_64.whl", hash = "sha256:e65a5aa1670db6263f19fdc03daee1d7dbbadb5cb67fd0a1f16033659db13c1d"},
    {file = "coverage-5.0.2-cp27-cp27m-win32.whl", hash = "sha256:d4a2b578a7a70e0c71f662705262f87a456f1e6c1e40ada7ea699abaf070a76d"},
    {file = "coverage-5.0.2-cp27-cp27m-win_amd64.whl", hash = "sha256:28f7f73b34a05e23758e860a89a7f649b85c6749e252eff60ebb05532d180e86"},
    {file = "coverage-5.0.2-cp27-cp27mu-manylinux1_i686.whl", hash = "sha256:7d1cc7acc9ce55179616cf72154f9e648136ea55987edf84addbcd9886ffeba2"},
    {file = "coverage-5.0.2-cp27-cp27mu-manylinux1_x86_64.whl", hash = "sha256:2d0cb9b1fe6ad0d915d45ad3d87f03a38e979093a98597e755930db1f897afae"},
    {file = "coverage-5.0.2-cp35-cp35m-macosx_10_12_x86_64.whl", hash = "sha256:bfe102659e2ec13b86c7f3b1db6c9a4e7beea4255058d006351339e6b342d5d2"},
    {file = "coverage-5.0.2-cp35-cp35m-manylinux1_i686.whl", hash = "sha256:23688ff75adfa8bfa2a67254d889f9bdf9302c27241d746e17547c42c732d3f4"},
    {file = "coverage-5.0.2-cp35-cp35m-manylinux1_x86_64.whl", hash = "sha256:1bf7ba2af1d373a1750888724f84cffdfc697738f29a353c98195f98fc011509"},
    {file = "coverage-5.0.2-cp35-cp35m-win32.whl", hash = "sha256:569f9ee3025682afda6e9b0f5bb14897c0db03f1a1dc088b083dd36e743f92bb"},
    {file = "coverage-5.0.2-cp35-cp35m-win_amd64.whl", hash = "sha256:cf908840896f7aa62d0ec693beb53264b154f972eb8226fb864ac38975590c4f"},
    {file = "coverage-5.0.2-cp36-cp36m-macosx_10_13_x86_64.whl", hash = "sha256:eaad65bd20955131bcdb3967a4dea66b4e4d4ca488efed7c00d91ee0173387e8"},
    {file = "coverage-5.0.2-cp36-cp36m-manylinux1_i686.whl", hash = "sha256:225e79a5d485bc1642cb7ba02281419c633c216cdc6b26c26494ba959f09e69f"},
    {file = "coverage-5.0.2-cp36-cp36m-manylinux1_x86_64.whl", hash = "sha256:bd82b684bb498c60ef47bb1541a50e6d006dde8579934dcbdbc61d67d1ea70d9"},
    {file = "coverage-5.0.2-cp36-cp36m-win32.whl", hash = "sha256:7ca3db38a61f3655a2613ee2c190d63639215a7a736d3c64cc7bbdb002ce6310"},
    {file = "coverage-5.0.2-cp36-cp36m-win_amd64.whl", hash = "sha256:47874b4711c5aeb295c31b228a758ce3d096be83dc37bd56da48ed99efb8813b"},
    {file = "coverage-5.0.2-cp37-cp37m-macosx_10_13_x86_64.whl", hash = "sha256:955ec084f549128fa2702f0b2dc696392001d986b71acd8fd47424f28289a9c3"},
    {file = "coverage-5.0.2-cp37-cp37m-manylinux1_i686.whl", hash = "sha256:1f4ee8e2e4243971618bc16fcc4478317405205f135e95226c2496e2a3b8dbbf"},
    {file = "coverage-5.0.2-cp37-cp37m-manylinux1_x86_64.whl", hash = "sha256:f45fba420b94165c17896861bb0e8b27fb7abdcedfeb154895d8553df90b7b00"},
    {file = "coverage-5.0.2-cp37-cp37m-win32.whl", hash = "sha256:cca38ded59105f7705ef6ffe1e960b8db6c7d8279c1e71654a4775ab4454ca15"},
    {file = "coverage-5.0.2-cp37-cp37m-win_amd64.whl", hash = "sha256:cb2b74c123f65e8166f7e1265829a6c8ed755c3cd16d7f50e75a83456a5f3fd7"},
    {file = "coverage-5.0.2-cp38-cp38-macosx_10_13_x86_64.whl", hash = "sha256:53e7438fef0c97bc248f88ba1edd10268cd94d5609970aaf87abbe493691af87"},
    {file = "coverage-5.0.2-cp38-cp38-manylinux1_i686.whl", hash = "sha256:c1e4e39e43057396a5e9d069bfbb6ffeee892e40c5d2effbd8cd71f34ee66c4d"},
    {file = "coverage-5.0.2-cp38-cp38-manylinux1_x86_64.whl", hash = "sha256:5b0a07158360d22492f9abd02a0f2ee7981b33f0646bf796598b7673f6bbab14"},
    {file = "coverage-5.0.2-cp38-cp38m-win32.whl", hash = "sha256:88b51153657612aea68fa684a5b88037597925260392b7bb4509d4f9b0bdd889"},
    {file = "coverage-5.0.2-cp38-cp38m-win_amd64.whl", hash = "sha256:189aac76d6e0d7af15572c51892e7326ee451c076c5a50a9d266406cd6c49708"},
    {file = "coverage-5.0.2-cp39-cp39m-win32.whl", hash = "sha256:d095a7b473f8a95f7efe821f92058c8a2ecfb18f8db6677ae3819e15dc11aaae"},
    {file = "coverage-5.0.2-cp39-cp39m-win_amd64.whl", hash = "sha256:ddeb42a3d5419434742bf4cc71c9eaa22df3b76808e23a82bd0b0bd360f1a9f1"},
    {file = "coverage-5.0.2.tar.gz", hash = "sha256:b251c7092cbb6d789d62dc9c9e7c4fb448c9138b51285c36aeb72462cad3600e"},
]
enum34 = [
    {file = "enum34-1.1.6-py2-none-any.whl", hash = "sha256:6bd0f6ad48ec2aa117d3d141940d484deccda84d4fcd884f5c3d93c23ecd8c79"},
    {file = "enum34-1.1.6-py3-none-any.whl", hash = "sha256:644837f692e5f550741432dd3f223bbb9852018674981b1664e5dc339387588a"},
    {file = "enum34-1.1.6.tar.gz", hash = "sha256:8ad8c4783bf61ded74527bffb48ed9b54166685e4230386a9ed9b1279e2df5b1"},
    {file = "enum34-1.1.6.zip", hash = "sha256:2d81cbbe0e73112bdfe6ef8576f2238f2ba27dd0d55752a776c41d38b7da2850"},
]
jsonpickle = [
    {file = "jsonpickle-1.2-py2.py3-none-any.whl", hash = "sha256:d0c5a4e6cb4e58f6d5406bdded44365c2bcf9c836c4f52910cc9ba7245a59dc2"},
    {file = "jsonpickle-1.2.tar.gz", hash = "sha256:d3e922d781b1d0096df2dad89a2e1f47177d7969b596aea806a9d91b4626b29b"},
]
linecache2 = [
    {file = "linecache2-1.0.0-py2.py3-none-any.whl", hash = "sha256:e78be9c0a0dfcbac712fe04fbf92b96cddae80b1b842f24248214c8496f006ef"},
    {file = "linecache2-1.0.0.tar.gz", hash = "sha256:4b26ff4e7110db76eeb6f5a7b64a82623839d595c2038eeda662f2a2db78e97c"},
]
paho-mqtt = [
    {file = "paho-mqtt-1.5.0.tar.gz", hash = "sha256:e3d286198baaea195c8b3bc221941d25a3ab0e1507fc1779bdb7473806394be4"},
]
pycrc = [
    {file = "PyCRC-1.21.tar.gz", hash = "sha256:d3b0e788b501f48ae2ff6eeb34652343c9095e4356a65df217ed29b51e4045b6"},
]
pyserial = [
    {file = "pyserial-3.4-py2.py3-none-any.whl", hash = "sha256:e0770fadba80c31013896c7e6ef703f72e7834965954a78e71a3049488d4d7d8"},
    {file = "pyserial-3.4.tar.gz", hash = "sha256:6e2d401fdee0eab996cf734e67773a0143b932772ca8b42451440cfed942c627"},
]
six = [
    {file = "six-1.13.0-py2.py3-none-any.whl", hash = "sha256:1f1b7d42e254082a9db6279deae68afb421ceba6158efa6131de7b3003ee93fd"},
    {file = "six-1.13.0.tar.gz", hash = "sha256:30f610279e8b2578cab6db20741130331735c781b56053c59c4076da27f06b66"},
]
traceback2 = [
    {file = "traceback2-1.4.0-py2.py3-none-any.whl", hash = "sha256:8253cebec4b19094d67cc5ed5af99bf1dba1285292226e98a31929f87a5d6b23"},
    {file = "traceback2-1.4.0.tar.gz", hash = "sha256:05acc67a09980c2ecfedd3423f7ae0104839eccb55fc645773e1caa0951c3030"},
]
unittest2 = [
    {file = "unittest2-1.1.0-py2.py3-none-any.whl", hash = "sha256:13f77d0875db6d9b435e1d4f41e74ad4cc2eb6e1d5c824996092b3430f088bb8"},
    {file = "unittest2-1.1.0.tar.gz", hash = "sha256:22882a0e418c284e1f718a822b3b022944d53d2d908e1690b319a9d3eb2c0579"},
]
